{
  "name": "qgis",
  "version": "0.8.0",
  "lockfileVersion": 1,
  "requires": true,
  "dependencies": {
    "fuse.js": {
      "version": "6.0.0",
      "resolved": "https://registry.npmjs.org/fuse.js/-/fuse.js-6.0.0.tgz",
      "integrity": "sha512-e5Ap6mhF/WQ9bKqsMFTTR5/DS9qbYab4VXHtMdxCanH+VZkdUV2LqcgMO31etSQv53NXsguQF1bdqkrrPAM2HQ=="
    },
    "leaflet": {
      "version": "1.6.0",
      "resolved": "https://registry.npmjs.org/leaflet/-/leaflet-1.6.0.tgz",
      "integrity": "sha512-CPkhyqWUKZKFJ6K8umN5/D2wrJ2+/8UIpXppY7QDnUZW5bZL5+SEI2J7GBpwh4LIupOKqbNSQXgqmrEJopHVNQ=="
    },
    "leaflet-search": {
      "version": "2.9.8",
      "resolved": "https://registry.npmjs.org/leaflet-search/-/leaflet-search-2.9.8.tgz",
      "integrity": "sha512-w/0qcllcNVzlfhup7apLc7hamOaZrtGfxMDqX6ItlUjNBz08CMk7bxcwITIVbL8wFYqTnVsBI8zUBKzypQo2uw==",
      "requires": {
        "leaflet": "*"
      }
    }
  }
}
